
Microsoft Visual Studio Solution File, Format Version 12.00
# Visual Studio Version 16
VisualStudioVersion = 16.0.30907.101
MinimumVisualStudioVersion = 10.0.40219.1
Project("{FAE04EC0-301F-11D3-BF4B-00C04F79EFBC}") = "Test Apis", "Test Apis\Test Apis.csproj", "{BB396CF3-2353-4825-BCD3-F46D9EED449C}"
EndProject
Global
	GlobalSection(SolutionConfigurationPlatforms) = preSolution
		Debug|Any CPU = Debug|Any CPU
		Release|Any CPU = Release|Any CPU
	EndGlobalSection
	GlobalSection(ProjectConfigurationPlatforms) = postSolution
		{BB396CF3-2353-4825-BCD3-F46D9EED449C}.Debug|Any CPU.ActiveCfg = Debug|Any CPU
		{BB396CF3-2353-4825-BCD3-F46D9EED449C}.Debug|Any CPU.Build.0 = Debug|Any CPU
		{BB396CF3-2353-4825-BCD3-F46D9EED449C}.Release|Any CPU.ActiveCfg = Release|Any CPU
		{BB396CF3-2353-4825-BCD3-F46D9EED449C}.Release|Any CPU.Build.0 = Release|Any CPU
	EndGlobalSection
	GlobalSection(SolutionProperties) = preSolution
		HideSolutionNode = FALSE
	EndGlobalSection
	GlobalSection(ExtensibilityGlobals) = postSolution
		SolutionGuid = {15008C37-2AD7-44F7-A138-E99701896E3E}
	EndGlobalSection
EndGlobal
